
Microsoft Visual Studio Solution File, Format Version 12.00
# Visual Studio 15
VisualStudioVersion = 15.0.28307.168
MinimumVisualStudioVersion = 10.0.40219.1
Project("{FAE04EC0-301F-11D3-BF4B-00C04F79EFBC}") = "BoxStoreProj", "BoxStoreProj\BoxStoreProj.csproj", "{53ED98C2-3DC8-4872-8962-F052541B4B20}"
EndProject
Project("{FAE04EC0-301F-11D3-BF4B-00C04F79EFBC}") = "BoxLib", "BoxLib\BoxLib.csproj", "{ECF5ADAB-B614-4948-83F5-E0BCE989ACC9}"
EndProject
Global
	GlobalSection(SolutionConfigurationPlatforms) = preSolution
		Debug|Any CPU = Debug|Any CPU
		Release|Any CPU = Release|Any CPU
	EndGlobalSection
	GlobalSection(ProjectConfigurationPlatforms) = postSolution
		{53ED98C2-3DC8-4872-8962-F052541B4B20}.Debug|Any CPU.ActiveCfg = Debug|Any CPU
		{53ED98C2-3DC8-4872-8962-F052541B4B20}.Debug|Any CPU.Build.0 = Debug|Any CPU
		{53ED98C2-3DC8-4872-8962-F052541B4B20}.Release|Any CPU.ActiveCfg = Release|Any CPU
		{53ED98C2-3DC8-4872-8962-F052541B4B20}.Release|Any CPU.Build.0 = Release|Any CPU
		{ECF5ADAB-B614-4948-83F5-E0BCE989ACC9}.Debug|Any CPU.ActiveCfg = Debug|Any CPU
		{ECF5ADAB-B614-4948-83F5-E0BCE989ACC9}.Debug|Any CPU.Build.0 = Debug|Any CPU
		{ECF5ADAB-B614-4948-83F5-E0BCE989ACC9}.Release|Any CPU.ActiveCfg = Release|Any CPU
		{ECF5ADAB-B614-4948-83F5-E0BCE989ACC9}.Release|Any CPU.Build.0 = Release|Any CPU
	EndGlobalSection
	GlobalSection(SolutionProperties) = preSolution
		HideSolutionNode = FALSE
	EndGlobalSection
	GlobalSection(ExtensibilityGlobals) = postSolution
		SolutionGuid = {5FB900D7-1254-4334-AFE0-5BC7E2DD3F4A}
	EndGlobalSection
EndGlobal
